// !$*UTF8*$!
{
	archiveVersion = 1;
	classes = {
	};
	objectVersion = 46;
	objects = {

/* Begin PBXBuildFile section */
		8B283DB71AD4FE3E004F9AD3 /* main.m in Sources */ = {isa = PBXBuildFile; fileRef = 8B283DB61AD4FE3E004F9AD3 /* main.m */; };
		8B283DBA1AD4FE3E004F9AD3 /* AppDelegate.m in Sources */ = {isa = PBXBuildFile; fileRef = 8B283DB91AD4FE3E004F9AD3 /* AppDelegate.m */; };
		8B283DBD1AD4FE3E004F9AD3 /* ViewController.m in Sources */ = {isa = PBXBuildFile; fileRef = 8B283DBC1AD4FE3E004F9AD3 /* ViewController.m */; };
		8B283DC01AD4FE3E004F9AD3 /* Main.storyboard in Resources */ = {isa = PBXBuildFile; fileRef = 8B283DBE1AD4FE3E004F9AD3 /* Main.storyboard */; };
		8B283DC21AD4FE3E004F9AD3 /* Images.xcassets in Resources */ = {isa = PBXBuildFile; fileRef = 8B283DC11AD4FE3E004F9AD3 /* Images.xcassets */; };
		8B283DC51AD4FE3E004F9AD3 /* LaunchScreen.xib in Resources */ = {isa = PBXBuildFile; fileRef = 8B283DC31AD4FE3E004F9AD3 /* LaunchScreen.xib */; };
		8B8E991B1AD50AF1005CDF7C /* UIActionSheet+LEBlocks.m in Sources */ = {isa = PBXBuildFile; fileRef = 8B8E99181AD50AF1005CDF7C /* UIActionSheet+LEBlocks.m */; };
		8B8E991C1AD50AF1005CDF7C /* UIAlertView+LEBlocks.m in Sources */ = {isa = PBXBuildFile; fileRef = 8B8E991A1AD50AF1005CDF7C /* UIAlertView+LEBlocks.m */; };
		8BC6CC0F1AD4FF260051F212 /* LEAlertController.m in Sources */ = {isa = PBXBuildFile; fileRef = 8BC6CC0E1AD4FF260051F212 /* LEAlertController.m */; };
/* End PBXBuildFile section */

/* Begin PBXFileReference section */
		8B283DB11AD4FE3E004F9AD3 /* LEAlertControllerDemo.app */ = {isa = PBXFileReference; explicitFileType = wrapper.application; includeInIndex = 0; path = LEAlertControllerDemo.app; sourceTree = BUILT_PRODUCTS_DIR; };
		8B283DB51AD4FE3E004F9AD3 /* Info.plist */ = {isa = PBXFileReference; lastKnownFileType = text.plist.xml; path = Info.plist; sourceTree = "<group>"; };
		8B283DB61AD4FE3E004F9AD3 /* main.m */ = {isa = PBXFileReference; lastKnownFileType = sourcecode.c.objc; path = main.m; sourceTree = "<group>"; };
		8B283DB81AD4FE3E004F9AD3 /* AppDelegate.h */ = {isa = PBXFileReference; lastKnownFileType = sourcecode.c.h; path = AppDelegate.h; sourceTree = "<group>"; };
		8B283DB91AD4FE3E004F9AD3 /* AppDelegate.m */ = {isa = PBXFileReference; lastKnownFileType = sourcecode.c.objc; path = AppDelegate.m; sourceTree = "<group>"; };
		8B283DBB1AD4FE3E004F9AD3 /* ViewController.h */ = {isa = PBXFileReference; lastKnownFileType = sourcecode.c.h; path = ViewController.h; sourceTree = "<group>"; };
		8B283DBC1AD4FE3E004F9AD3 /* ViewController.m */ = {isa = PBXFileReference; lastKnownFileType = sourcecode.c.objc; path = ViewController.m; sourceTree = "<group>"; };
		8B283DBF1AD4FE3E004F9AD3 /* Base */ = {isa = PBXFileReference; lastKnownFileType = file.storyboard; name = Base; path = Base.lproj/Main.storyboard; sourceTree = "<group>"; };
		8B283DC11AD4FE3E004F9AD3 /* Images.xcassets */ = {isa = PBXFileReference; lastKnownFileType = folder.assetcatalog; path = Images.xcassets; sourceTree = "<group>"; };
		8B283DC41AD4FE3E004F9AD3 /* Base */ = {isa = PBXFileReference; lastKnownFileType = file.xib; name = Base; path = Base.lproj/LaunchScreen.xib; sourceTree = "<group>"; };
		8B8E99171AD50AF1005CDF7C /* UIActionSheet+LEBlocks.h */ = {isa = PBXFileReference; fileEncoding = 4; lastKnownFileType = sourcecode.c.h; path = "UIActionSheet+LEBlocks.h"; sourceTree = "<group>"; };
		8B8E99181AD50AF1005CDF7C /* UIActionSheet+LEBlocks.m */ = {isa = PBXFileReference; fileEncoding = 4; lastKnownFileType = sourcecode.c.objc; path = "UIActionSheet+LEBlocks.m"; sourceTree = "<group>"; };
		8B8E99191AD50AF1005CDF7C /* UIAlertView+LEBlocks.h */ = {isa = PBXFileReference; fileEncoding = 4; lastKnownFileType = sourcecode.c.h; path = "UIAlertView+LEBlocks.h"; sourceTree = "<group>"; };
		8B8E991A1AD50AF1005CDF7C /* UIAlertView+LEBlocks.m */ = {isa = PBXFileReference; fileEncoding = 4; lastKnownFileType = sourcecode.c.objc; path = "UIAlertView+LEBlocks.m"; sourceTree = "<group>"; };
		8BC6CC0D1AD4FF260051F212 /* LEAlertController.h */ = {isa = PBXFileReference; fileEncoding = 4; lastKnownFileType = sourcecode.c.h; path = LEAlertController.h; sourceTree = "<group>"; };
		8BC6CC0E1AD4FF260051F212 /* LEAlertController.m */ = {isa = PBXFileReference; fileEncoding = 4; lastKnownFileType = sourcecode.c.objc; path = LEAlertController.m; sourceTree = "<group>"; };
/* End PBXFileReference section */

/* Begin PBXFrameworksBuildPhase section */
		8B283DAE1AD4FE3E004F9AD3 /* Frameworks */ = {
			isa = PBXFrameworksBuildPhase;
			buildActionMask = 2147483647;
			files = (
			);
			runOnlyForDeploymentPostprocessing = 0;
		};
/* End PBXFrameworksBuildPhase section */

/* Begin PBXGroup section */
		8B283DA81AD4FE3E004F9AD3 = {
			isa = PBXGroup;
			children = (
				8BC6CC0C1AD4FF260051F212 /* LEAlertController */,
				8B283DB31AD4FE3E004F9AD3 /* LEAlertControllerDemo */,
				8B283DB21AD4FE3E004F9AD3 /* Products */,
			);
			sourceTree = "<group>";
		};
		8B283DB21AD4FE3E004F9AD3 /* Products */ = {
			isa = PBXGroup;
			children = (
				8B283DB11AD4FE3E004F9AD3 /* LEAlertControllerDemo.app */,
			);
			name = Products;
			sourceTree = "<group>";
		};
		8B283DB31AD4FE3E004F9AD3 /* LEAlertControllerDemo */ = {
			isa = PBXGroup;
			children = (
				8B283DB81AD4FE3E004F9AD3 /* AppDelegate.h */,
				8B283DB91AD4FE3E004F9AD3 /* AppDelegate.m */,
				8B283DC11AD4FE3E004F9AD3 /* Images.xcassets */,
				8B283DC31AD4FE3E004F9AD3 /* LaunchScreen.xib */,
				8B283DBE1AD4FE3E004F9AD3 /* Main.storyboard */,
				8B283DB41AD4FE3E004F9AD3 /* Supporting Files */,
				8B283DBB1AD4FE3E004F9AD3 /* ViewController.h */,
				8B283DBC1AD4FE3E004F9AD3 /* ViewController.m */,
			);
			path = LEAlertControllerDemo;
			sourceTree = "<group>";
		};
		8B283DB41AD4FE3E004F9AD3 /* Supporting Files */ = {
			isa = PBXGroup;
			children = (
				8B283DB51AD4FE3E004F9AD3 /* Info.plist */,
				8B283DB61AD4FE3E004F9AD3 /* main.m */,
			);
			name = "Supporting Files";
			sourceTree = "<group>";
		};
		8BC6CC0C1AD4FF260051F212 /* LEAlertController */ = {
			isa = PBXGroup;
			children = (
				8BC6CC0D1AD4FF260051F212 /* LEAlertController.h */,
				8BC6CC0E1AD4FF260051F212 /* LEAlertController.m */,
				8B8E99171AD50AF1005CDF7C /* UIActionSheet+LEBlocks.h */,
				8B8E99181AD50AF1005CDF7C /* UIActionSheet+LEBlocks.m */,
				8B8E99191AD50AF1005CDF7C /* UIAlertView+LEBlocks.h */,
				8B8E991A1AD50AF1005CDF7C /* UIAlertView+LEBlocks.m */,
			);
			path = LEAlertController;
			sourceTree = "<group>";
		};
/* End PBXGroup section */

/* Begin PBXNativeTarget section */
		8B283DB01AD4FE3E004F9AD3 /* LEAlertControllerDemo */ = {
			isa = PBXNativeTarget;
			buildConfigurationList = 8B283DD41AD4FE3E004F9AD3 /* Build configuration list for PBXNativeTarget "LEAlertControllerDemo" */;
			buildPhases = (
				8B283DAD1AD4FE3E004F9AD3 /* Sources */,
				8B283DAE1AD4FE3E004F9AD3 /* Frameworks */,
				8B283DAF1AD4FE3E004F9AD3 /* Resources */,
			);
			buildRules = (
			);
			dependencies = (
			);
			name = LEAlertControllerDemo;
			productName = LEAlertControllerDemo;
			productReference = 8B283DB11AD4FE3E004F9AD3 /* LEAlertControllerDemo.app */;
			productType = "com.apple.product-type.application";
		};
/* End PBXNativeTarget section */

/* Begin PBXProject section */
		8B283DA91AD4FE3E004F9AD3 /* Project object */ = {
			isa = PBXProject;
			attributes = {
				LastUpgradeCheck = 0630;
				ORGANIZATIONNAME = "Lasha Efremidze";
				TargetAttributes = {
					8B283DB01AD4FE3E004F9AD3 = {
						CreatedOnToolsVersion = 6.3;
					};
				};
			};
			buildConfigurationList = 8B283DAC1AD4FE3E004F9AD3 /* Build configuration list for PBXProject "LEAlertControllerDemo" */;
			compatibilityVersion = "Xcode 3.2";
			developmentRegion = English;
			hasScannedForEncodings = 0;
			knownRegions = (
				en,
				Base,
			);
			mainGroup = 8B283DA81AD4FE3E004F9AD3;
			productRefGroup = 8B283DB21AD4FE3E004F9AD3 /* Products */;
			projectDirPath = "";
			projectRoot = "";
			targets = (
				8B283DB01AD4FE3E004F9AD3 /* LEAlertControllerDemo */,
			);
		};
/* End PBXProject section */

/* Begin PBXResourcesBuildPhase section */
		8B283DAF1AD4FE3E004F9AD3 /* Resources */ = {
			isa = PBXResourcesBuildPhase;
			buildActionMask = 2147483647;
			files = (
				8B283DC01AD4FE3E004F9AD3 /* Main.storyboard in Resources */,
				8B283DC51AD4FE3E004F9AD3 /* LaunchScreen.xib in Resources */,
				8B283DC21AD4FE3E004F9AD3 /* Images.xcassets in Resources */,
			);
			runOnlyForDeploymentPostprocessing = 0;
		};
/* End PBXResourcesBuildPhase section */

/* Begin PBXSourcesBuildPhase section */
		8B283DAD1AD4FE3E004F9AD3 /* Sources */ = {
			isa = PBXSourcesBuildPhase;
			buildActionMask = 2147483647;
			files = (
				8B283DBD1AD4FE3E004F9AD3 /* ViewController.m in Sources */,
				8B283DBA1AD4FE3E004F9AD3 /* AppDelegate.m in Sources */,
				8B8E991B1AD50AF1005CDF7C /* UIActionSheet+LEBlocks.m in Sources */,
				8B283DB71AD4FE3E004F9AD3 /* main.m in Sources */,
				8B8E991C1AD50AF1005CDF7C /* UIAlertView+LEBlocks.m in Sources */,
				8BC6CC0F1AD4FF260051F212 /* LEAlertController.m in Sources */,
			);
			runOnlyForDeploymentPostprocessing = 0;
		};
/* End PBXSourcesBuildPhase section */

/* Begin PBXVariantGroup section */
		8B283DBE1AD4FE3E004F9AD3 /* Main.storyboard */ = {
			isa = PBXVariantGroup;
			children = (
				8B283DBF1AD4FE3E004F9AD3 /* Base */,
			);
			name = Main.storyboard;
			sourceTree = "<group>";
		};
		8B283DC31AD4FE3E004F9AD3 /* LaunchScreen.xib */ = {
			isa = PBXVariantGroup;
			children = (
				8B283DC41AD4FE3E004F9AD3 /* Base */,
			);
			name = LaunchScreen.xib;
			sourceTree = "<group>";
		};
/* End PBXVariantGroup section */

/* Begin XCBuildConfiguration section */
		8B283DD21AD4FE3E004F9AD3 /* Debug */ = {
			isa = XCBuildConfiguration;
			buildSettings = {
				ALWAYS_SEARCH_USER_PATHS = NO;
				CLANG_CXX_LANGUAGE_STANDARD = "gnu++0x";
				CLANG_CXX_LIBRARY = "libc++";
				CLANG_ENABLE_MODULES = YES;
				CLANG_ENABLE_OBJC_ARC = YES;
				CLANG_WARN_BOOL_CONVERSION = YES;
				CLANG_WARN_CONSTANT_CONVERSION = YES;
				CLANG_WARN_DIRECT_OBJC_ISA_USAGE = YES_ERROR;
				CLANG_WARN_EMPTY_BODY = YES;
				CLANG_WARN_ENUM_CONVERSION = YES;
				CLANG_WARN_INT_CONVERSION = YES;
				CLANG_WARN_OBJC_ROOT_CLASS = YES_ERROR;
				CLANG_WARN_UNREACHABLE_CODE = YES;
				CLANG_WARN__DUPLICATE_METHOD_MATCH = YES;
				"CODE_SIGN_IDENTITY[sdk=iphoneos*]" = "iPhone Developer";
				COPY_PHASE_STRIP = NO;
				DEBUG_INFORMATION_FORMAT = "dwarf-with-dsym";
				ENABLE_STRICT_OBJC_MSGSEND = YES;
				GCC_C_LANGUAGE_STANDARD = gnu99;
				GCC_DYNAMIC_NO_PIC = NO;
				GCC_NO_COMMON_BLOCKS = YES;
				GCC_OPTIMIZATION_LEVEL = 0;
				GCC_PREPROCESSOR_DEFINITIONS = (
					"DEBUG=1",
					"$(inherited)",
				);
				GCC_SYMBOLS_PRIVATE_EXTERN = NO;
				GCC_WARN_64_TO_32_BIT_CONVERSION = YES;
				GCC_WARN_ABOUT_RETURN_TYPE = YES_ERROR;
				GCC_WARN_UNDECLARED_SELECTOR = YES;
				GCC_WARN_UNINITIALIZED_AUTOS = YES_AGGRESSIVE;
				GCC_WARN_UNUSED_FUNCTION = YES;
				GCC_WARN_UNUSED_VARIABLE = YES;
				IPHONEOS_DEPLOYMENT_TARGET = 7.0;
				MTL_ENABLE_DEBUG_INFO = YES;
				ONLY_ACTIVE_ARCH = YES;
				SDKROOT = iphoneos;
				TARGETED_DEVICE_FAMILY = "1,2";
			};
			name = Debug;
		};
		8B283DD31AD4FE3E004F9AD3 /* Release */ = {
			isa = XCBuildConfiguration;
			buildSettings = {
				ALWAYS_SEARCH_USER_PATHS = NO;
				CLANG_CXX_LANGUAGE_STANDARD = "gnu++0x";
				CLANG_CXX_LIBRARY = "libc++";
				CLANG_ENABLE_MODULES = YES;
				CLANG_ENABLE_OBJC_ARC = YES;
				CLANG_WARN_BOOL_CONVERSION = YES;
				CLANG_WARN_CONSTANT_CONVERSION = YES;
				CLANG_WARN_DIRECT_OBJC_ISA_USAGE = YES_ERROR;
				CLANG_WARN_EMPTY_BODY = YES;
				CLANG_WARN_ENUM_CONVERSION = YES;
				CLANG_WARN_INT_CONVERSION = YES;
				CLANG_WARN_OBJC_ROOT_CLASS = YES_ERROR;
				CLANG_WARN_UNREACHABLE_CODE = YES;
				CLANG_WARN__DUPLICATE_METHOD_MATCH = YES;
				"CODE_SIGN_IDENTITY[sdk=iphoneos*]" = "iPhone Developer";
				COPY_PHASE_STRIP = NO;
				DEBUG_INFORMATION_FORMAT = "dwarf-with-dsym";
				ENABLE_NS_ASSERTIONS = NO;
				ENABLE_STRICT_OBJC_MSGSEND = YES;
				GCC_C_LANGUAGE_STANDARD = gnu99;
				GCC_NO_COMMON_BLOCKS = YES;
				GCC_WARN_64_TO_32_BIT_CONVERSION = YES;
				GCC_WARN_ABOUT_RETURN_TYPE = YES_ERROR;
				GCC_WARN_UNDECLARED_SELECTOR = YES;
				GCC_WARN_UNINITIALIZED_AUTOS = YES_AGGRESSIVE;
				GCC_WARN_UNUSED_FUNCTION = YES;
				GCC_WARN_UNUSED_VARIABLE = YES;
				IPHONEOS_DEPLOYMENT_TARGET = 7.0;
				MTL_ENABLE_DEBUG_INFO = NO;
				SDKROOT = iphoneos;
				TARGETED_DEVICE_FAMILY = "1,2";
				VALIDATE_PRODUCT = YES;
			};
			name = Release;
		};
		8B283DD51AD4FE3E004F9AD3 /* Debug */ = {
			isa = XCBuildConfiguration;
			buildSettings = {
				ASSETCATALOG_COMPILER_APPICON_NAME = AppIcon;
				INFOPLIST_FILE = LEAlertControllerDemo/Info.plist;
				LD_RUNPATH_SEARCH_PATHS = "$(inherited) @executable_path/Frameworks";
				PRODUCT_NAME = "$(TARGET_NAME)";
			};
			name = Debug;
		};
		8B283DD61AD4FE3E004F9AD3 /* Release */ = {
			isa = XCBuildConfiguration;
			buildSettings = {
				ASSETCATALOG_COMPILER_APPICON_NAME = AppIcon;
				INFOPLIST_FILE = LEAlertControllerDemo/Info.plist;
				LD_RUNPATH_SEARCH_PATHS = "$(inherited) @executable_path/Frameworks";
				PRODUCT_NAME = "$(TARGET_NAME)";
			};
			name = Release;
		};
/* End XCBuildConfiguration section */

/* Begin XCConfigurationList section */
		8B283DAC1AD4FE3E004F9AD3 /* Build configuration list for PBXProject "LEAlertControllerDemo" */ = {
			isa = XCConfigurationList;
			buildConfigurations = (
				8B283DD21AD4FE3E004F9AD3 /* Debug */,
				8B283DD31AD4FE3E004F9AD3 /* Release */,
			);
			defaultConfigurationIsVisible = 0;
			defaultConfigurationName = Release;
		};
		8B283DD41AD4FE3E004F9AD3 /* Build configuration list for PBXNativeTarget "LEAlertControllerDemo" */ = {
			isa = XCConfigurationList;
			buildConfigurations = (
				8B283DD51AD4FE3E004F9AD3 /* Debug */,
				8B283DD61AD4FE3E004F9AD3 /* Release */,
			);
			defaultConfigurationIsVisible = 0;
			defaultConfigurationName = Release;
		};
/* End XCConfigurationList section */
	};
	rootObject = 8B283DA91AD4FE3E004F9AD3 /* Project object */;
}
